{
  "name": "window-http-sync",
  "version": "0.0.10",
  "lockfileVersion": 1,
  "requires": true,
  "dependencies": {
    "caseless": {
      "version": "0.12.0",
      "resolved": "https://registry.npmjs.org/caseless/-/caseless-0.12.0.tgz",
      "integrity": "sha1-G2gcIf+EAzyCZUMJBolCDRhxUdw="
    },
    "libcurl.a": {
      "version": "0.0.2",
      "resolved": "https://registry.npmjs.org/libcurl.a/-/libcurl.a-0.0.2.tgz",
      "integrity": "sha512-O9DbdiidHr3xUG85iWHzMKO5JFg8V5A1y9Mz/vVOiznHmJSzUEKpO4tGJieP2uld+Qh1fp9C7xqgSFnsXrBKzQ=="
    },
    "nan": {
      "version": "2.11.1",
      "resolved": "https://registry.npmjs.org/nan/-/nan-2.11.1.tgz",
      "integrity": "sha512-iji6k87OSXa0CcrLl9z+ZiYSuR2o+c0bGuNmXdrhTQTakxytAFsC56SArGYoiHlJlFoHSnvmhpceZJaXkVuOtA=="
    }
  }
}
